<Solution>
  <Folder Name="/Solution Items/">
    <File Path=".gitattributes" />
    <File Path=".gitignore" />
    <File Path="LICENSE.txt" />
    <File Path="README.md" />
  </Folder>
  <Project Path="AdventoAPI.CPB/AdventoAPI.CPB.csproj" Id="f707d65e-4260-4689-a315-f5ba0ab625fc" />
  <Project Path="ChatApp/ChatApp.csproj" Id="e20bca4c-32ca-4339-912a-152fdc785139" />
  <Project Path="GenAI.CSharp/GenAI.CSharp.csproj" />
</Solution>
